PODS:
  - Charts (2.2.5):
    - Charts/Core (= 2.2.5)
  - Charts/Core (2.2.5)
  - Realm (1.0.2):
    - Realm/Headers (= 1.0.2)
  - Realm/Headers (1.0.2)
  - SVProgressHUD (2.0.3)

DEPENDENCIES:
  - Charts (= 2.2.5)
  - Realm (= 1.0.2)
  - SVProgressHUD

SPEC CHECKSUMS:
  Charts: b48fcc8d7190de910ff9e9748f5360c8ea7856e5
  Realm: 9d5c46a4d7d27958530a8dfc58f63a99e5c2cba3
  SVProgressHUD: b0830714205bea1317ea1a2ebc71e5633af334d4

PODFILE CHECKSUM: c68790250bcb1c579e782cd0f0a0d94af28f59ee

COCOAPODS: 1.0.1
