// !$*UTF8*$!
{
	archiveVersion = 1;
	classes = {
	};
	objectVersion = 46;
	objects = {

/* Begin PBXBuildFile section */
		37986B2A1B8284CE00EFAC8C /* AppDelegate.swift in Sources */ = {isa = PBXBuildFile; fileRef = 37986B291B8284CE00EFAC8C /* AppDelegate.swift */; };
		37986B2C1B8284CE00EFAC8C /* ViewController.swift in Sources */ = {isa = PBXBuildFile; fileRef = 37986B2B1B8284CE00EFAC8C /* ViewController.swift */; };
		37986B2F1B8284CE00EFAC8C /* Main.storyboard in Resources */ = {isa = PBXBuildFile; fileRef = 37986B2D1B8284CE00EFAC8C /* Main.storyboard */; };
		37986B311B8284CE00EFAC8C /* Assets.xcassets in Resources */ = {isa = PBXBuildFile; fileRef = 37986B301B8284CE00EFAC8C /* Assets.xcassets */; };
		37986B341B8284CE00EFAC8C /* LaunchScreen.storyboard in Resources */ = {isa = PBXBuildFile; fileRef = 37986B321B8284CE00EFAC8C /* LaunchScreen.storyboard */; };
/* End PBXBuildFile section */

/* Begin PBXFileReference section */
		37986B261B8284CE00EFAC8C /* glucosio.app */ = {isa = PBXFileReference; explicitFileType = wrapper.application; includeInIndex = 0; path = glucosio.app; sourceTree = BUILT_PRODUCTS_DIR; };
		37986B291B8284CE00EFAC8C /* AppDelegate.swift */ = {isa = PBXFileReference; lastKnownFileType = sourcecode.swift; path = AppDelegate.swift; sourceTree = "<group>"; };
		37986B2B1B8284CE00EFAC8C /* ViewController.swift */ = {isa = PBXFileReference; lastKnownFileType = sourcecode.swift; path = ViewController.swift; sourceTree = "<group>"; };
		37986B2E1B8284CE00EFAC8C /* Base */ = {isa = PBXFileReference; lastKnownFileType = file.storyboard; name = Base; path = Base.lproj/Main.storyboard; sourceTree = "<group>"; };
		37986B301B8284CE00EFAC8C /* Assets.xcassets */ = {isa = PBXFileReference; lastKnownFileType = folder.assetcatalog; path = Assets.xcassets; sourceTree = "<group>"; };
		37986B331B8284CE00EFAC8C /* Base */ = {isa = PBXFileReference; lastKnownFileType = file.storyboard; name = Base; path = Base.lproj/LaunchScreen.storyboard; sourceTree = "<group>"; };
		37986B351B8284CE00EFAC8C /* Info.plist */ = {isa = PBXFileReference; lastKnownFileType = text.plist.xml; path = Info.plist; sourceTree = "<group>"; };
/* End PBXFileReference section */

/* Begin PBXFrameworksBuildPhase section */
		37986B231B8284CE00EFAC8C /* Frameworks */ = {
			isa = PBXFrameworksBuildPhase;
			buildActionMask = 2147483647;
			files = (
			);
			runOnlyForDeploymentPostprocessing = 0;
		};
/* End PBXFrameworksBuildPhase section */

/* Begin PBXGroup section */
		37986B1D1B8284CE00EFAC8C = {
			isa = PBXGroup;
			children = (
				37986B281B8284CE00EFAC8C /* glucosio */,
				37986B271B8284CE00EFAC8C /* Products */,
			);
			sourceTree = "<group>";
		};
		37986B271B8284CE00EFAC8C /* Products */ = {
			isa = PBXGroup;
			children = (
				37986B261B8284CE00EFAC8C /* glucosio.app */,
			);
			name = Products;
			sourceTree = "<group>";
		};
		37986B281B8284CE00EFAC8C /* glucosio */ = {
			isa = PBXGroup;
			children = (
				37986B291B8284CE00EFAC8C /* AppDelegate.swift */,
				37986B2B1B8284CE00EFAC8C /* ViewController.swift */,
				37986B2D1B8284CE00EFAC8C /* Main.storyboard */,
				37986B301B8284CE00EFAC8C /* Assets.xcassets */,
				37986B321B8284CE00EFAC8C /* LaunchScreen.storyboard */,
				37986B351B8284CE00EFAC8C /* Info.plist */,
			);
			path = glucosio;
			sourceTree = "<group>";
		};
/* End PBXGroup section */

/* Begin PBXNativeTarget section */
		37986B251B8284CE00EFAC8C /* glucosio */ = {
			isa = PBXNativeTarget;
			buildConfigurationList = 37986B381B8284CE00EFAC8C /* Build configuration list for PBXNativeTarget "glucosio" */;
			buildPhases = (
				37986B221B8284CE00EFAC8C /* Sources */,
				37986B231B8284CE00EFAC8C /* Frameworks */,
				37986B241B8284CE00EFAC8C /* Resources */,
			);
			buildRules = (
			);
			dependencies = (
			);
			name = glucosio;
			productName = glucosio;
			productReference = 37986B261B8284CE00EFAC8C /* glucosio.app */;
			productType = "com.apple.product-type.application";
		};
/* End PBXNativeTarget section */

/* Begin PBXProject section */
		37986B1E1B8284CE00EFAC8C /* Project object */ = {
			isa = PBXProject;
			attributes = {
				LastUpgradeCheck = 0700;
				ORGANIZATIONNAME = Glucosio;
				TargetAttributes = {
					37986B251B8284CE00EFAC8C = {
						CreatedOnToolsVersion = 7.0;
					};
				};
			};
			buildConfigurationList = 37986B211B8284CE00EFAC8C /* Build configuration list for PBXProject "glucosio" */;
			compatibilityVersion = "Xcode 3.2";
			developmentRegion = English;
			hasScannedForEncodings = 0;
			knownRegions = (
				en,
				Base,
			);
			mainGroup = 37986B1D1B8284CE00EFAC8C;
			productRefGroup = 37986B271B8284CE00EFAC8C /* Products */;
			projectDirPath = "";
			projectRoot = "";
			targets = (
				37986B251B8284CE00EFAC8C /* glucosio */,
			);
		};
/* End PBXProject section */

/* Begin PBXResourcesBuildPhase section */
		37986B241B8284CE00EFAC8C /* Resources */ = {
			isa = PBXResourcesBuildPhase;
			buildActionMask = 2147483647;
			files = (
				37986B341B8284CE00EFAC8C /* LaunchScreen.storyboard in Resources */,
				37986B311B8284CE00EFAC8C /* Assets.xcassets in Resources */,
				37986B2F1B8284CE00EFAC8C /* Main.storyboard in Resources */,
			);
			runOnlyForDeploymentPostprocessing = 0;
		};
/* End PBXResourcesBuildPhase section */

/* Begin PBXSourcesBuildPhase section */
		37986B221B8284CE00EFAC8C /* Sources */ = {
			isa = PBXSourcesBuildPhase;
			buildActionMask = 2147483647;
			files = (
				37986B2C1B8284CE00EFAC8C /* ViewController.swift in Sources */,
				37986B2A1B8284CE00EFAC8C /* AppDelegate.swift in Sources */,
			);
			runOnlyForDeploymentPostprocessing = 0;
		};
/* End PBXSourcesBuildPhase section */

/* Begin PBXVariantGroup section */
		37986B2D1B8284CE00EFAC8C /* Main.storyboard */ = {
			isa = PBXVariantGroup;
			children = (
				37986B2E1B8284CE00EFAC8C /* Base */,
			);
			name = Main.storyboard;
			sourceTree = "<group>";
		};
		37986B321B8284CE00EFAC8C /* LaunchScreen.storyboard */ = {
			isa = PBXVariantGroup;
			children = (
				37986B331B8284CE00EFAC8C /* Base */,
			);
			name = LaunchScreen.storyboard;
			sourceTree = "<group>";
		};
/* End PBXVariantGroup section */

/* Begin XCBuildConfiguration section */
		37986B361B8284CE00EFAC8C /* Debug */ = {
			isa = XCBuildConfiguration;
			buildSettings = {
				ALWAYS_SEARCH_USER_PATHS = NO;
				CLANG_CXX_LANGUAGE_STANDARD = "gnu++0x";
				CLANG_CXX_LIBRARY = "libc++";
				CLANG_ENABLE_MODULES = YES;
				CLANG_ENABLE_OBJC_ARC = YES;
				CLANG_WARN_BOOL_CONVERSION = YES;
				CLANG_WARN_CONSTANT_CONVERSION = YES;
				CLANG_WARN_DIRECT_OBJC_ISA_USAGE = YES_ERROR;
				CLANG_WARN_EMPTY_BODY = YES;
				CLANG_WARN_ENUM_CONVERSION = YES;
				CLANG_WARN_INT_CONVERSION = YES;
				CLANG_WARN_OBJC_ROOT_CLASS = YES_ERROR;
				CLANG_WARN_UNREACHABLE_CODE = YES;
				CLANG_WARN__DUPLICATE_METHOD_MATCH = YES;
				"CODE_SIGN_IDENTITY[sdk=iphoneos*]" = "iPhone Developer";
				COPY_PHASE_STRIP = NO;
				DEBUG_INFORMATION_FORMAT = dwarf;
				ENABLE_STRICT_OBJC_MSGSEND = YES;
				ENABLE_TESTABILITY = YES;
				GCC_C_LANGUAGE_STANDARD = gnu99;
				GCC_DYNAMIC_NO_PIC = NO;
				GCC_NO_COMMON_BLOCKS = YES;
				GCC_OPTIMIZATION_LEVEL = 0;
				GCC_PREPROCESSOR_DEFINITIONS = (
					"DEBUG=1",
					"$(inherited)",
				);
				GCC_WARN_64_TO_32_BIT_CONVERSION = YES;
				GCC_WARN_ABOUT_RETURN_TYPE = YES_ERROR;
				GCC_WARN_UNDECLARED_SELECTOR = YES;
				GCC_WARN_UNINITIALIZED_AUTOS = YES_AGGRESSIVE;
				GCC_WARN_UNUSED_FUNCTION = YES;
				GCC_WARN_UNUSED_VARIABLE = YES;
				IPHONEOS_DEPLOYMENT_TARGET = 9.0;
				MTL_ENABLE_DEBUG_INFO = YES;
				ONLY_ACTIVE_ARCH = YES;
				SDKROOT = iphoneos;
				SWIFT_OPTIMIZATION_LEVEL = "-Onone";
			};
			name = Debug;
		};
		37986B371B8284CE00EFAC8C /* Release */ = {
			isa = XCBuildConfiguration;
			buildSettings = {
				ALWAYS_SEARCH_USER_PATHS = NO;
				CLANG_CXX_LANGUAGE_STANDARD = "gnu++0x";
				CLANG_CXX_LIBRARY = "libc++";
				CLANG_ENABLE_MODULES = YES;
				CLANG_ENABLE_OBJC_ARC = YES;
				CLANG_WARN_BOOL_CONVERSION = YES;
				CLANG_WARN_CONSTANT_CONVERSION = YES;
				CLANG_WARN_DIRECT_OBJC_ISA_USAGE = YES_ERROR;
				CLANG_WARN_EMPTY_BODY = YES;
				CLANG_WARN_ENUM_CONVERSION = YES;
				CLANG_WARN_INT_CONVERSION = YES;
				CLANG_WARN_OBJC_ROOT_CLASS = YES_ERROR;
				CLANG_WARN_UNREACHABLE_CODE = YES;
				CLANG_WARN__DUPLICATE_METHOD_MATCH = YES;
				"CODE_SIGN_IDENTITY[sdk=iphoneos*]" = "iPhone Developer";
				COPY_PHASE_STRIP = NO;
				DEBUG_INFORMATION_FORMAT = "dwarf-with-dsym";
				ENABLE_NS_ASSERTIONS = NO;
				ENABLE_STRICT_OBJC_MSGSEND = YES;
				GCC_C_LANGUAGE_STANDARD = gnu99;
				GCC_NO_COMMON_BLOCKS = YES;
				GCC_WARN_64_TO_32_BIT_CONVERSION = YES;
				GCC_WARN_ABOUT_RETURN_TYPE = YES_ERROR;
				GCC_WARN_UNDECLARED_SELECTOR = YES;
				GCC_WARN_UNINITIALIZED_AUTOS = YES_AGGRESSIVE;
				GCC_WARN_UNUSED_FUNCTION = YES;
				GCC_WARN_UNUSED_VARIABLE = YES;
				IPHONEOS_DEPLOYMENT_TARGET = 9.0;
				MTL_ENABLE_DEBUG_INFO = NO;
				SDKROOT = iphoneos;
				VALIDATE_PRODUCT = YES;
			};
			name = Release;
		};
		37986B391B8284CE00EFAC8C /* Debug */ = {
			isa = XCBuildConfiguration;
			buildSettings = {
				ASSETCATALOG_COMPILER_APPICON_NAME = AppIcon;
				CODE_SIGN_IDENTITY = "iPhone Developer";
				INFOPLIST_FILE = glucosio/Info.plist;
				LD_RUNPATH_SEARCH_PATHS = "$(inherited) @executable_path/Frameworks";
				PRODUCT_BUNDLE_IDENTIFIER = org.glucosio.glucosio;
				PRODUCT_NAME = "$(TARGET_NAME)";
				TARGETED_DEVICE_FAMILY = "1,2";
			};
			name = Debug;
		};
		37986B3A1B8284CE00EFAC8C /* Release */ = {
			isa = XCBuildConfiguration;
			buildSettings = {
				ASSETCATALOG_COMPILER_APPICON_NAME = AppIcon;
				CODE_SIGN_IDENTITY = "iPhone Developer";
				INFOPLIST_FILE = glucosio/Info.plist;
				LD_RUNPATH_SEARCH_PATHS = "$(inherited) @executable_path/Frameworks";
				PRODUCT_BUNDLE_IDENTIFIER = org.glucosio.glucosio;
				PRODUCT_NAME = "$(TARGET_NAME)";
				TARGETED_DEVICE_FAMILY = "1,2";
			};
			name = Release;
		};
/* End XCBuildConfiguration section */

/* Begin XCConfigurationList section */
		37986B211B8284CE00EFAC8C /* Build configuration list for PBXProject "glucosio" */ = {
			isa = XCConfigurationList;
			buildConfigurations = (
				37986B361B8284CE00EFAC8C /* Debug */,
				37986B371B8284CE00EFAC8C /* Release */,
			);
			defaultConfigurationIsVisible = 0;
			defaultConfigurationName = Release;
		};
		37986B381B8284CE00EFAC8C /* Build configuration list for PBXNativeTarget "glucosio" */ = {
			isa = XCConfigurationList;
			buildConfigurations = (
				37986B391B8284CE00EFAC8C /* Debug */,
				37986B3A1B8284CE00EFAC8C /* Release */,
			);
			defaultConfigurationIsVisible = 0;
			defaultConfigurationName = Release;
		};
/* End XCConfigurationList section */
	};
	rootObject = 37986B1E1B8284CE00EFAC8C /* Project object */;
}
